
Microsoft Visual Studio Solution File, Format Version 12.00
# Visual Studio Version 16
VisualStudioVersion = 16.0.30611.23
MinimumVisualStudioVersion = 10.0.40219.1
Project("{2150E333-8FDC-42A3-9474-1A3956D46DE8}") = "Services", "Services", "{14B7FA65-55F4-49F8-8FDE-60C7AA4BF464}"
EndProject
Project("{2150E333-8FDC-42A3-9474-1A3956D46DE8}") = "WebApps", "WebApps", "{56B3B25B-5EC0-4DBF-8E2A-F0E86C6E272C}"
EndProject
Project("{2150E333-8FDC-42A3-9474-1A3956D46DE8}") = "Catalogo", "Catalogo", "{0B1794E4-3B72-454D-AA30-E3ACCD4BBA11}"
EndProject
Project("{2150E333-8FDC-42A3-9474-1A3956D46DE8}") = "Core", "Core", "{F08D666E-99FC-4FBF-B2B4-D9FF016F6A1F}"
EndProject
Project("{9A19103F-16F7-4668-BE54-9A1E7A4F7556}") = "CabralStore.Catalogo.Domain", "src\CabralStore.Catalogo.Domain\CabralStore.Catalogo.Domain.csproj", "{E95A7667-7886-4968-93A3-87994BE775C3}"
EndProject
Project("{9A19103F-16F7-4668-BE54-9A1E7A4F7556}") = "CabralStore.Core", "src\CabralStore.Core\CabralStore.Core.csproj", "{3C8FB6A7-2048-49CB-9339-6EE71868750E}"
EndProject
Project("{9A19103F-16F7-4668-BE54-9A1E7A4F7556}") = "CabralStore.Catalogo.Data", "src\CabralStore.Catalogo.Data\CabralStore.Catalogo.Data.csproj", "{7EAE4981-DF89-4B33-944B-BC2AC3D93AD7}"
EndProject
Project("{9A19103F-16F7-4668-BE54-9A1E7A4F7556}") = "CabralStore.Catalogo.Application", "src\CabralStore.Catalogo.Application\CabralStore.Catalogo.Application.csproj", "{A6612F24-18A4-450C-B90B-338F88CDCF05}"
EndProject
Project("{9A19103F-16F7-4668-BE54-9A1E7A4F7556}") = "CabralStore.WebApp.API", "src\CabralStore.WebApp.API\CabralStore.WebApp.API.csproj", "{CD851391-6A8D-4E59-81EF-30315DD1877B}"
EndProject
Global
	GlobalSection(SolutionConfigurationPlatforms) = preSolution
		Debug|Any CPU = Debug|Any CPU
		Release|Any CPU = Release|Any CPU
	EndGlobalSection
	GlobalSection(ProjectConfigurationPlatforms) = postSolution
		{E95A7667-7886-4968-93A3-87994BE775C3}.Debug|Any CPU.ActiveCfg = Debug|Any CPU
		{E95A7667-7886-4968-93A3-87994BE775C3}.Debug|Any CPU.Build.0 = Debug|Any CPU
		{E95A7667-7886-4968-93A3-87994BE775C3}.Release|Any CPU.ActiveCfg = Release|Any CPU
		{E95A7667-7886-4968-93A3-87994BE775C3}.Release|Any CPU.Build.0 = Release|Any CPU
		{3C8FB6A7-2048-49CB-9339-6EE71868750E}.Debug|Any CPU.ActiveCfg = Debug|Any CPU
		{3C8FB6A7-2048-49CB-9339-6EE71868750E}.Debug|Any CPU.Build.0 = Debug|Any CPU
		{3C8FB6A7-2048-49CB-9339-6EE71868750E}.Release|Any CPU.ActiveCfg = Release|Any CPU
		{3C8FB6A7-2048-49CB-9339-6EE71868750E}.Release|Any CPU.Build.0 = Release|Any CPU
		{7EAE4981-DF89-4B33-944B-BC2AC3D93AD7}.Debug|Any CPU.ActiveCfg = Debug|Any CPU
		{7EAE4981-DF89-4B33-944B-BC2AC3D93AD7}.Debug|Any CPU.Build.0 = Debug|Any CPU
		{7EAE4981-DF89-4B33-944B-BC2AC3D93AD7}.Release|Any CPU.ActiveCfg = Release|Any CPU
		{7EAE4981-DF89-4B33-944B-BC2AC3D93AD7}.Release|Any CPU.Build.0 = Release|Any CPU
		{A6612F24-18A4-450C-B90B-338F88CDCF05}.Debug|Any CPU.ActiveCfg = Debug|Any CPU
		{A6612F24-18A4-450C-B90B-338F88CDCF05}.Debug|Any CPU.Build.0 = Debug|Any CPU
		{A6612F24-18A4-450C-B90B-338F88CDCF05}.Release|Any CPU.ActiveCfg = Release|Any CPU
		{A6612F24-18A4-450C-B90B-338F88CDCF05}.Release|Any CPU.Build.0 = Release|Any CPU
		{CD851391-6A8D-4E59-81EF-30315DD1877B}.Debug|Any CPU.ActiveCfg = Debug|Any CPU
		{CD851391-6A8D-4E59-81EF-30315DD1877B}.Debug|Any CPU.Build.0 = Debug|Any CPU
		{CD851391-6A8D-4E59-81EF-30315DD1877B}.Release|Any CPU.ActiveCfg = Release|Any CPU
		{CD851391-6A8D-4E59-81EF-30315DD1877B}.Release|Any CPU.Build.0 = Release|Any CPU
	EndGlobalSection
	GlobalSection(SolutionProperties) = preSolution
		HideSolutionNode = FALSE
	EndGlobalSection
	GlobalSection(NestedProjects) = preSolution
		{0B1794E4-3B72-454D-AA30-E3ACCD4BBA11} = {14B7FA65-55F4-49F8-8FDE-60C7AA4BF464}
		{F08D666E-99FC-4FBF-B2B4-D9FF016F6A1F} = {14B7FA65-55F4-49F8-8FDE-60C7AA4BF464}
		{E95A7667-7886-4968-93A3-87994BE775C3} = {0B1794E4-3B72-454D-AA30-E3ACCD4BBA11}
		{3C8FB6A7-2048-49CB-9339-6EE71868750E} = {F08D666E-99FC-4FBF-B2B4-D9FF016F6A1F}
		{7EAE4981-DF89-4B33-944B-BC2AC3D93AD7} = {0B1794E4-3B72-454D-AA30-E3ACCD4BBA11}
		{A6612F24-18A4-450C-B90B-338F88CDCF05} = {0B1794E4-3B72-454D-AA30-E3ACCD4BBA11}
		{CD851391-6A8D-4E59-81EF-30315DD1877B} = {56B3B25B-5EC0-4DBF-8E2A-F0E86C6E272C}
	EndGlobalSection
	GlobalSection(ExtensibilityGlobals) = postSolution
		SolutionGuid = {9A9C1F74-ECC1-4616-A719-35B9A83C43DF}
	EndGlobalSection
EndGlobal
